
Microsoft Visual Studio Solution File, Format Version 12.00
# Visual Studio Version 17
VisualStudioVersion = 17.10.35122.118
MinimumVisualStudioVersion = 10.0.40219.1
Project("{FAE04EC0-301F-11D3-BF4B-00C04F79EFBC}") = "Proyecto 2", "Proyecto 2\Proyecto 2.csproj", "{66BCAE34-1DA3-4AE3-A3AE-60DB668665CC}"
EndProject
Global
	GlobalSection(SolutionConfigurationPlatforms) = preSolution
		Debug|Any CPU = Debug|Any CPU
		Release|Any CPU = Release|Any CPU
	EndGlobalSection
	GlobalSection(ProjectConfigurationPlatforms) = postSolution
		{66BCAE34-1DA3-4AE3-A3AE-60DB668665CC}.Debug|Any CPU.ActiveCfg = Debug|Any CPU
		{66BCAE34-1DA3-4AE3-A3AE-60DB668665CC}.Debug|Any CPU.Build.0 = Debug|Any CPU
		{66BCAE34-1DA3-4AE3-A3AE-60DB668665CC}.Release|Any CPU.ActiveCfg = Release|Any CPU
		{66BCAE34-1DA3-4AE3-A3AE-60DB668665CC}.Release|Any CPU.Build.0 = Release|Any CPU
	EndGlobalSection
	GlobalSection(SolutionProperties) = preSolution
		HideSolutionNode = FALSE
	EndGlobalSection
	GlobalSection(ExtensibilityGlobals) = postSolution
		SolutionGuid = {B5685716-88FA-4582-A5DC-C6DE6E606273}
	EndGlobalSection
EndGlobal
